
Microsoft Visual Studio Solution File, Format Version 12.00
# Visual Studio Version 17
VisualStudioVersion = 17.5.33516.290
MinimumVisualStudioVersion = 10.0.40219.1
Project("{FAE04EC0-301F-11D3-BF4B-00C04F79EFBC}") = "QuanLySinhVien", "QuanLySinhVien\QuanLySinhVien.csproj", "{BB5127A8-5581-4513-988E-E81CBFA0333A}"
EndProject
Global
	GlobalSection(SolutionConfigurationPlatforms) = preSolution
		Debug|Any CPU = Debug|Any CPU
		Release|Any CPU = Release|Any CPU
	EndGlobalSection
	GlobalSection(ProjectConfigurationPlatforms) = postSolution
		{BB5127A8-5581-4513-988E-E81CBFA0333A}.Debug|Any CPU.ActiveCfg = Debug|Any CPU
		{BB5127A8-5581-4513-988E-E81CBFA0333A}.Debug|Any CPU.Build.0 = Debug|Any CPU
		{BB5127A8-5581-4513-988E-E81CBFA0333A}.Release|Any CPU.ActiveCfg = Release|Any CPU
		{BB5127A8-5581-4513-988E-E81CBFA0333A}.Release|Any CPU.Build.0 = Release|Any CPU
	EndGlobalSection
	GlobalSection(SolutionProperties) = preSolution
		HideSolutionNode = FALSE
	EndGlobalSection
	GlobalSection(ExtensibilityGlobals) = postSolution
		SolutionGuid = {475D58EE-0A40-426D-B6E7-A8A5CD43C172}
	EndGlobalSection
EndGlobal
